// !$*UTF8*$!
{
	archiveVersion = 1;
	classes = {
	};
	objectVersion = 52;
	objects = {

/* Begin PBXBuildFile section */
		527A669526F1013700C2A97B /* Settings.bundle in Resources */ = {isa = PBXBuildFile; fileRef = 527A669126F1013700C2A97B /* Settings.bundle */; };
		527A669726F1013700C2A97B /* soundeffect-lab.txt in Resources */ = {isa = PBXBuildFile; fileRef = 527A669426F1013700C2A97B /* soundeffect-lab.txt */; };
		5292BE5626DA544200AE895E /* from_colorful_worldApp.swift in Sources */ = {isa = PBXBuildFile; fileRef = 5292BE5526DA544200AE895E /* from_colorful_worldApp.swift */; };
		5292BE5826DA544200AE895E /* ContentView.swift in Sources */ = {isa = PBXBuildFile; fileRef = 5292BE5726DA544200AE895E /* ContentView.swift */; };
		5292BE5A26DA544400AE895E /* Assets.xcassets in Resources */ = {isa = PBXBuildFile; fileRef = 5292BE5926DA544400AE895E /* Assets.xcassets */; };
		5292BE5D26DA544400AE895E /* Preview Assets.xcassets in Resources */ = {isa = PBXBuildFile; fileRef = 5292BE5C26DA544400AE895E /* Preview Assets.xcassets */; };
		5292BE6626DA56AB00AE895E /* AppMain in Frameworks */ = {isa = PBXBuildFile; productRef = 5292BE6526DA56AB00AE895E /* AppMain */; };
/* End PBXBuildFile section */

/* Begin PBXFileReference section */
		522D2FBA2737649B0035B824 /* Modules */ = {isa = PBXFileReference; lastKnownFileType = folder; path = Modules; sourceTree = "<group>"; };
		527A669126F1013700C2A97B /* Settings.bundle */ = {isa = PBXFileReference; lastKnownFileType = "wrapper.plug-in"; path = Settings.bundle; sourceTree = "<group>"; };
		527A669426F1013700C2A97B /* soundeffect-lab.txt */ = {isa = PBXFileReference; fileEncoding = 4; lastKnownFileType = text; path = "soundeffect-lab.txt"; sourceTree = "<group>"; };
		5292BE5226DA544200AE895E /* from-colorful-world.app */ = {isa = PBXFileReference; explicitFileType = wrapper.application; includeInIndex = 0; path = "from-colorful-world.app"; sourceTree = BUILT_PRODUCTS_DIR; };
		5292BE5526DA544200AE895E /* from_colorful_worldApp.swift */ = {isa = PBXFileReference; lastKnownFileType = sourcecode.swift; path = from_colorful_worldApp.swift; sourceTree = "<group>"; };
		5292BE5726DA544200AE895E /* ContentView.swift */ = {isa = PBXFileReference; lastKnownFileType = sourcecode.swift; path = ContentView.swift; sourceTree = "<group>"; };
		5292BE5926DA544400AE895E /* Assets.xcassets */ = {isa = PBXFileReference; lastKnownFileType = folder.assetcatalog; path = Assets.xcassets; sourceTree = "<group>"; };
		5292BE5C26DA544400AE895E /* Preview Assets.xcassets */ = {isa = PBXFileReference; lastKnownFileType = folder.assetcatalog; path = "Preview Assets.xcassets"; sourceTree = "<group>"; };
		5292BE5E26DA544400AE895E /* Info.plist */ = {isa = PBXFileReference; lastKnownFileType = text.plist.xml; path = Info.plist; sourceTree = "<group>"; };
/* End PBXFileReference section */

/* Begin PBXFrameworksBuildPhase section */
		5292BE4F26DA544200AE895E /* Frameworks */ = {
			isa = PBXFrameworksBuildPhase;
			buildActionMask = 2147483647;
			files = (
				5292BE6626DA56AB00AE895E /* AppMain in Frameworks */,
			);
			runOnlyForDeploymentPostprocessing = 0;
		};
/* End PBXFrameworksBuildPhase section */

/* Begin PBXGroup section */
		527A669026F1013700C2A97B /* resources */ = {
			isa = PBXGroup;
			children = (
				527A669126F1013700C2A97B /* Settings.bundle */,
				527A669226F1013700C2A97B /* licenses */,
			);
			path = resources;
			sourceTree = "<group>";
		};
		527A669226F1013700C2A97B /* licenses */ = {
			isa = PBXGroup;
			children = (
				527A669426F1013700C2A97B /* soundeffect-lab.txt */,
			);
			path = licenses;
			sourceTree = "<group>";
		};
		5292BE4926DA544200AE895E = {
			isa = PBXGroup;
			children = (
				5292BE5426DA544200AE895E /* from-colorful-world */,
				522D2FBA2737649B0035B824 /* Modules */,
				5292BE5326DA544200AE895E /* Products */,
				5292BE6426DA56AB00AE895E /* Frameworks */,
			);
			sourceTree = "<group>";
		};
		5292BE5326DA544200AE895E /* Products */ = {
			isa = PBXGroup;
			children = (
				5292BE5226DA544200AE895E /* from-colorful-world.app */,
			);
			name = Products;
			sourceTree = "<group>";
		};
		5292BE5426DA544200AE895E /* from-colorful-world */ = {
			isa = PBXGroup;
			children = (
				527A669026F1013700C2A97B /* resources */,
				5292BE5526DA544200AE895E /* from_colorful_worldApp.swift */,
				5292BE5726DA544200AE895E /* ContentView.swift */,
				5292BE5926DA544400AE895E /* Assets.xcassets */,
				5292BE5E26DA544400AE895E /* Info.plist */,
				5292BE5B26DA544400AE895E /* Preview Content */,
			);
			path = "from-colorful-world";
			sourceTree = "<group>";
		};
		5292BE5B26DA544400AE895E /* Preview Content */ = {
			isa = PBXGroup;
			children = (
				5292BE5C26DA544400AE895E /* Preview Assets.xcassets */,
			);
			path = "Preview Content";
			sourceTree = "<group>";
		};
		5292BE6426DA56AB00AE895E /* Frameworks */ = {
			isa = PBXGroup;
			children = (
			);
			name = Frameworks;
			sourceTree = "<group>";
		};
/* End PBXGroup section */

/* Begin PBXNativeTarget section */
		5292BE5126DA544200AE895E /* from-colorful-world */ = {
			isa = PBXNativeTarget;
			buildConfigurationList = 5292BE6126DA544400AE895E /* Build configuration list for PBXNativeTarget "from-colorful-world" */;
			buildPhases = (
				5292BE4E26DA544200AE895E /* Sources */,
				522D111B272E54D10035B824 /* License */,
				527A669926F1909600C2A97B /* Format */,
				5292BE4F26DA544200AE895E /* Frameworks */,
				5292BE5026DA544200AE895E /* Resources */,
				527A669826F10BB100C2A97B /* Update Settings.bundle Version */,
			);
			buildRules = (
			);
			dependencies = (
			);
			name = "from-colorful-world";
			packageProductDependencies = (
				5292BE6526DA56AB00AE895E /* AppMain */,
			);
			productName = "from-colorful-world";
			productReference = 5292BE5226DA544200AE895E /* from-colorful-world.app */;
			productType = "com.apple.product-type.application";
		};
/* End PBXNativeTarget section */

/* Begin PBXProject section */
		5292BE4A26DA544200AE895E /* Project object */ = {
			isa = PBXProject;
			attributes = {
				LastSwiftUpdateCheck = 1250;
				LastUpgradeCheck = 1250;
				TargetAttributes = {
					5292BE5126DA544200AE895E = {
						CreatedOnToolsVersion = 12.5;
					};
				};
			};
			buildConfigurationList = 5292BE4D26DA544200AE895E /* Build configuration list for PBXProject "from-colorful-world" */;
			compatibilityVersion = "Xcode 9.3";
			developmentRegion = en;
			hasScannedForEncodings = 0;
			knownRegions = (
				en,
				Base,
				ja,
			);
			mainGroup = 5292BE4926DA544200AE895E;
			productRefGroup = 5292BE5326DA544200AE895E /* Products */;
			projectDirPath = "";
			projectRoot = "";
			targets = (
				5292BE5126DA544200AE895E /* from-colorful-world */,
			);
		};
/* End PBXProject section */

/* Begin PBXResourcesBuildPhase section */
		5292BE5026DA544200AE895E /* Resources */ = {
			isa = PBXResourcesBuildPhase;
			buildActionMask = 2147483647;
			files = (
				5292BE5D26DA544400AE895E /* Preview Assets.xcassets in Resources */,
				527A669726F1013700C2A97B /* soundeffect-lab.txt in Resources */,
				527A669526F1013700C2A97B /* Settings.bundle in Resources */,
				5292BE5A26DA544400AE895E /* Assets.xcassets in Resources */,
			);
			runOnlyForDeploymentPostprocessing = 0;
		};
/* End PBXResourcesBuildPhase section */

/* Begin PBXShellScriptBuildPhase section */
		522D111B272E54D10035B824 /* License */ = {
			isa = PBXShellScriptBuildPhase;
			buildActionMask = 2147483647;
			files = (
			);
			inputFileListPaths = (
			);
			inputPaths = (
			);
			name = License;
			outputFileListPaths = (
			);
			outputPaths = (
			);
			runOnlyForDeploymentPostprocessing = 0;
			shellPath = /bin/sh;
			shellScript = "# Type a script or drag a script file from your workspace to insert its path.\nmake license\n";
		};
		527A669826F10BB100C2A97B /* Update Settings.bundle Version */ = {
			isa = PBXShellScriptBuildPhase;
			buildActionMask = 2147483647;
			files = (
			);
			inputFileListPaths = (
			);
			inputPaths = (
			);
			name = "Update Settings.bundle Version";
			outputFileListPaths = (
			);
			outputPaths = (
			);
			runOnlyForDeploymentPostprocessing = 0;
			shellPath = /bin/sh;
			shellScript = "# Type a script or drag a script file from your workspace to insert its path.\nmake update-version\n";
		};
		527A669926F1909600C2A97B /* Format */ = {
			isa = PBXShellScriptBuildPhase;
			buildActionMask = 2147483647;
			files = (
			);
			inputFileListPaths = (
			);
			inputPaths = (
			);
			name = Format;
			outputFileListPaths = (
			);
			outputPaths = (
			);
			runOnlyForDeploymentPostprocessing = 0;
			shellPath = /bin/sh;
			shellScript = "# Type a script or drag a script file from your workspace to insert its path.\nmake format\n";
		};
/* End PBXShellScriptBuildPhase section */

/* Begin PBXSourcesBuildPhase section */
		5292BE4E26DA544200AE895E /* Sources */ = {
			isa = PBXSourcesBuildPhase;
			buildActionMask = 2147483647;
			files = (
				5292BE5826DA544200AE895E /* ContentView.swift in Sources */,
				5292BE5626DA544200AE895E /* from_colorful_worldApp.swift in Sources */,
			);
			runOnlyForDeploymentPostprocessing = 0;
		};
/* End PBXSourcesBuildPhase section */

/* Begin XCBuildConfiguration section */
		5292BE5F26DA544400AE895E /* Debug */ = {
			isa = XCBuildConfiguration;
			buildSettings = {
				ALWAYS_SEARCH_USER_PATHS = NO;
				CLANG_ANALYZER_NONNULL = YES;
				CLANG_ANALYZER_NUMBER_OBJECT_CONVERSION = YES_AGGRESSIVE;
				CLANG_CXX_LANGUAGE_STANDARD = "gnu++14";
				CLANG_CXX_LIBRARY = "libc++";
				CLANG_ENABLE_MODULES = YES;
				CLANG_ENABLE_OBJC_ARC = YES;
				CLANG_ENABLE_OBJC_WEAK = YES;
				CLANG_WARN_BLOCK_CAPTURE_AUTORELEASING = YES;
				CLANG_WARN_BOOL_CONVERSION = YES;
				CLANG_WARN_COMMA = YES;
				CLANG_WARN_CONSTANT_CONVERSION = YES;
				CLANG_WARN_DEPRECATED_OBJC_IMPLEMENTATIONS = YES;
				CLANG_WARN_DIRECT_OBJC_ISA_USAGE = YES_ERROR;
				CLANG_WARN_DOCUMENTATION_COMMENTS = YES;
				CLANG_WARN_EMPTY_BODY = YES;
				CLANG_WARN_ENUM_CONVERSION = YES;
				CLANG_WARN_INFINITE_RECURSION = YES;
				CLANG_WARN_INT_CONVERSION = YES;
				CLANG_WARN_NON_LITERAL_NULL_CONVERSION = YES;
				CLANG_WARN_OBJC_IMPLICIT_RETAIN_SELF = YES;
				CLANG_WARN_OBJC_LITERAL_CONVERSION = YES;
				CLANG_WARN_OBJC_ROOT_CLASS = YES_ERROR;
				CLANG_WARN_QUOTED_INCLUDE_IN_FRAMEWORK_HEADER = YES;
				CLANG_WARN_RANGE_LOOP_ANALYSIS = YES;
				CLANG_WARN_STRICT_PROTOTYPES = YES;
				CLANG_WARN_SUSPICIOUS_MOVE = YES;
				CLANG_WARN_UNGUARDED_AVAILABILITY = YES_AGGRESSIVE;
				CLANG_WARN_UNREACHABLE_CODE = YES;
				CLANG_WARN__DUPLICATE_METHOD_MATCH = YES;
				COPY_PHASE_STRIP = NO;
				DEBUG_INFORMATION_FORMAT = dwarf;
				ENABLE_STRICT_OBJC_MSGSEND = YES;
				ENABLE_TESTABILITY = YES;
				GCC_C_LANGUAGE_STANDARD = gnu11;
				GCC_DYNAMIC_NO_PIC = NO;
				GCC_NO_COMMON_BLOCKS = YES;
				GCC_OPTIMIZATION_LEVEL = 0;
				GCC_PREPROCESSOR_DEFINITIONS = (
					"DEBUG=1",
					"$(inherited)",
				);
				GCC_WARN_64_TO_32_BIT_CONVERSION = YES;
				GCC_WARN_ABOUT_RETURN_TYPE = YES_ERROR;
				GCC_WARN_UNDECLARED_SELECTOR = YES;
				GCC_WARN_UNINITIALIZED_AUTOS = YES_AGGRESSIVE;
				GCC_WARN_UNUSED_FUNCTION = YES;
				GCC_WARN_UNUSED_VARIABLE = YES;
				IPHONEOS_DEPLOYMENT_TARGET = 14.5;
				MTL_ENABLE_DEBUG_INFO = INCLUDE_SOURCE;
				MTL_FAST_MATH = YES;
				ONLY_ACTIVE_ARCH = YES;
				SDKROOT = iphoneos;
				SWIFT_ACTIVE_COMPILATION_CONDITIONS = DEBUG;
				SWIFT_OPTIMIZATION_LEVEL = "-Onone";
			};
			name = Debug;
		};
		5292BE6026DA544400AE895E /* Release */ = {
			isa = XCBuildConfiguration;
			buildSettings = {
				ALWAYS_SEARCH_USER_PATHS = NO;
				CLANG_ANALYZER_NONNULL = YES;
				CLANG_ANALYZER_NUMBER_OBJECT_CONVERSION = YES_AGGRESSIVE;
				CLANG_CXX_LANGUAGE_STANDARD = "gnu++14";
				CLANG_CXX_LIBRARY = "libc++";
				CLANG_ENABLE_MODULES = YES;
				CLANG_ENABLE_OBJC_ARC = YES;
				CLANG_ENABLE_OBJC_WEAK = YES;
				CLANG_WARN_BLOCK_CAPTURE_AUTORELEASING = YES;
				CLANG_WARN_BOOL_CONVERSION = YES;
				CLANG_WARN_COMMA = YES;
				CLANG_WARN_CONSTANT_CONVERSION = YES;
				CLANG_WARN_DEPRECATED_OBJC_IMPLEMENTATIONS = YES;
				CLANG_WARN_DIRECT_OBJC_ISA_USAGE = YES_ERROR;
				CLANG_WARN_DOCUMENTATION_COMMENTS = YES;
				CLANG_WARN_EMPTY_BODY = YES;
				CLANG_WARN_ENUM_CONVERSION = YES;
				CLANG_WARN_INFINITE_RECURSION = YES;
				CLANG_WARN_INT_CONVERSION = YES;
				CLANG_WARN_NON_LITERAL_NULL_CONVERSION = YES;
				CLANG_WARN_OBJC_IMPLICIT_RETAIN_SELF = YES;
				CLANG_WARN_OBJC_LITERAL_CONVERSION = YES;
				CLANG_WARN_OBJC_ROOT_CLASS = YES_ERROR;
				CLANG_WARN_QUOTED_INCLUDE_IN_FRAMEWORK_HEADER = YES;
				CLANG_WARN_RANGE_LOOP_ANALYSIS = YES;
				CLANG_WARN_STRICT_PROTOTYPES = YES;
				CLANG_WARN_SUSPICIOUS_MOVE = YES;
				CLANG_WARN_UNGUARDED_AVAILABILITY = YES_AGGRESSIVE;
				CLANG_WARN_UNREACHABLE_CODE = YES;
				CLANG_WARN__DUPLICATE_METHOD_MATCH = YES;
				COPY_PHASE_STRIP = NO;
				DEBUG_INFORMATION_FORMAT = "dwarf-with-dsym";
				ENABLE_NS_ASSERTIONS = NO;
				ENABLE_STRICT_OBJC_MSGSEND = YES;
				GCC_C_LANGUAGE_STANDARD = gnu11;
				GCC_NO_COMMON_BLOCKS = YES;
				GCC_WARN_64_TO_32_BIT_CONVERSION = YES;
				GCC_WARN_ABOUT_RETURN_TYPE = YES_ERROR;
				GCC_WARN_UNDECLARED_SELECTOR = YES;
				GCC_WARN_UNINITIALIZED_AUTOS = YES_AGGRESSIVE;
				GCC_WARN_UNUSED_FUNCTION = YES;
				GCC_WARN_UNUSED_VARIABLE = YES;
				IPHONEOS_DEPLOYMENT_TARGET = 14.5;
				MTL_ENABLE_DEBUG_INFO = NO;
				MTL_FAST_MATH = YES;
				SDKROOT = iphoneos;
				SWIFT_COMPILATION_MODE = wholemodule;
				SWIFT_OPTIMIZATION_LEVEL = "-O";
				VALIDATE_PRODUCT = YES;
			};
			name = Release;
		};
		5292BE6226DA544400AE895E /* Debug */ = {
			isa = XCBuildConfiguration;
			buildSettings = {
				ASSETCATALOG_COMPILER_APPICON_NAME = AppIcon;
				ASSETCATALOG_COMPILER_GLOBAL_ACCENT_COLOR_NAME = AccentColor;
				CODE_SIGN_IDENTITY = "Apple Development";
				CODE_SIGN_STYLE = Automatic;
				CURRENT_PROJECT_VERSION = 1;
				DEVELOPMENT_ASSET_PATHS = "\"from-colorful-world/Preview Content\"";
				DEVELOPMENT_TEAM = NT88A3VRE2;
				ENABLE_PREVIEWS = YES;
				INFOPLIST_FILE = "from-colorful-world/Info.plist";
				IPHONEOS_DEPLOYMENT_TARGET = 14.0;
				LD_RUNPATH_SEARCH_PATHS = (
					"$(inherited)",
					"@executable_path/Frameworks",
				);
				MARKETING_VERSION = 1.0.1;
				PRODUCT_BUNDLE_IDENTIFIER = "project.shannon.from-colorful-world";
				PRODUCT_NAME = "$(TARGET_NAME)";
				PROVISIONING_PROFILE_SPECIFIER = "";
				SWIFT_VERSION = 5.0;
				TARGETED_DEVICE_FAMILY = "1,2";
			};
			name = Debug;
		};
		5292BE6326DA544400AE895E /* Release */ = {
			isa = XCBuildConfiguration;
			buildSettings = {
				ASSETCATALOG_COMPILER_APPICON_NAME = AppIcon;
				ASSETCATALOG_COMPILER_GLOBAL_ACCENT_COLOR_NAME = AccentColor;
				CODE_SIGN_IDENTITY = "Apple Development";
				CODE_SIGN_STYLE = Automatic;
				CURRENT_PROJECT_VERSION = 1;
				DEVELOPMENT_ASSET_PATHS = "\"from-colorful-world/Preview Content\"";
				DEVELOPMENT_TEAM = NT88A3VRE2;
				ENABLE_PREVIEWS = YES;
				INFOPLIST_FILE = "from-colorful-world/Info.plist";
				IPHONEOS_DEPLOYMENT_TARGET = 14.0;
				LD_RUNPATH_SEARCH_PATHS = (
					"$(inherited)",
					"@executable_path/Frameworks",
				);
				MARKETING_VERSION = 1.0.1;
				PRODUCT_BUNDLE_IDENTIFIER = "project.shannon.from-colorful-world";
				PRODUCT_NAME = "$(TARGET_NAME)";
				PROVISIONING_PROFILE_SPECIFIER = "";
				SWIFT_VERSION = 5.0;
				TARGETED_DEVICE_FAMILY = "1,2";
			};
			name = Release;
		};
/* End XCBuildConfiguration section */

/* Begin XCConfigurationList section */
		5292BE4D26DA544200AE895E /* Build configuration list for PBXProject "from-colorful-world" */ = {
			isa = XCConfigurationList;
			buildConfigurations = (
				5292BE5F26DA544400AE895E /* Debug */,
				5292BE6026DA544400AE895E /* Release */,
			);
			defaultConfigurationIsVisible = 0;
			defaultConfigurationName = Release;
		};
		5292BE6126DA544400AE895E /* Build configuration list for PBXNativeTarget "from-colorful-world" */ = {
			isa = XCConfigurationList;
			buildConfigurations = (
				5292BE6226DA544400AE895E /* Debug */,
				5292BE6326DA544400AE895E /* Release */,
			);
			defaultConfigurationIsVisible = 0;
			defaultConfigurationName = Release;
		};
/* End XCConfigurationList section */

/* Begin XCSwiftPackageProductDependency section */
		5292BE6526DA56AB00AE895E /* AppMain */ = {
			isa = XCSwiftPackageProductDependency;
			productName = AppMain;
		};
/* End XCSwiftPackageProductDependency section */
	};
	rootObject = 5292BE4A26DA544200AE895E /* Project object */;
}
